{"platform":"x86_64-unknown-linux-gnu","python":{"executable":"python/bin/python3.10","include":"python/include/python3.10","sha256":"7b1d02e28b0d36c4b0de044aaf8099cb0395ac3d6826c96ddd158241fcdc6f06","size":28836654,"url":"https://releases.astral.sh/github/python-build-standalone/releases/download/20251007/cpython-3.10.18%2B20251007-x86_64-unknown-linux-gnu-install_only_stripped.tar.gz","version":"3.10.18"},"schema_version":1,"uv":{"executable":"uv-x86_64-unknown-linux-gnu/uv","sha256":"74947fe2c03315cf07e82ab3acc703eddef01aba4d5232a98e4c6825ec116131","size":24014155,"url":"https://github.com/astral-sh/uv/releases/download/0.11.16/uv-x86_64-unknown-linux-gnu.tar.gz","version":"0.11.16"}}
